// !$*UTF8*$!
{
	archiveVersion = 1;
	classes = {
	};
	objectVersion = 50;
	objects = {

/* Begin PBXBuildFile section */
		C53FD01D207E4781008A1B71 /* AppDelegate.swift in Sources */ = {isa = PBXBuildFile; fileRef = C53FD01C207E4781008A1B71 /* AppDelegate.swift */; };
		C53FD01F207E4781008A1B71 /* ViewController.swift in Sources */ = {isa = PBXBuildFile; fileRef = C53FD01E207E4781008A1B71 /* ViewController.swift */; };
		C53FD022207E4781008A1B71 /* Main.storyboard in Resources */ = {isa = PBXBuildFile; fileRef = C53FD020207E4781008A1B71 /* Main.storyboard */; };
		C53FD024207E4782008A1B71 /* Assets.xcassets in Resources */ = {isa = PBXBuildFile; fileRef = C53FD023207E4782008A1B71 /* Assets.xcassets */; };
		C53FD027207E4782008A1B71 /* LaunchScreen.storyboard in Resources */ = {isa = PBXBuildFile; fileRef = C53FD025207E4782008A1B71 /* LaunchScreen.storyboard */; };
		C53FD032207E4783008A1B71 /* IBBasicsTests.swift in Sources */ = {isa = PBXBuildFile; fileRef = C53FD031207E4783008A1B71 /* IBBasicsTests.swift */; };
		C53FD03D207E4783008A1B71 /* IBBasicsUITests.swift in Sources */ = {isa = PBXBuildFile; fileRef = C53FD03C207E4783008A1B71 /* IBBasicsUITests.swift */; };
/* End PBXBuildFile section */

/* Begin PBXContainerItemProxy section */
		C53FD02E207E4783008A1B71 /* PBXContainerItemProxy */ = {
			isa = PBXContainerItemProxy;
			containerPortal = C53FD011207E4781008A1B71 /* Project object */;
			proxyType = 1;
			remoteGlobalIDString = C53FD018207E4781008A1B71;
			remoteInfo = IBBasics;
		};
		C53FD039207E4783008A1B71 /* PBXContainerItemProxy */ = {
			isa = PBXContainerItemProxy;
			containerPortal = C53FD011207E4781008A1B71 /* Project object */;
			proxyType = 1;
			remoteGlobalIDString = C53FD018207E4781008A1B71;
			remoteInfo = IBBasics;
		};
/* End PBXContainerItemProxy section */

/* Begin PBXFileReference section */
		C53FD019207E4781008A1B71 /* IBBasics.app */ = {isa = PBXFileReference; explicitFileType = wrapper.application; includeInIndex = 0; path = IBBasics.app; sourceTree = BUILT_PRODUCTS_DIR; };
		C53FD01C207E4781008A1B71 /* AppDelegate.swift */ = {isa = PBXFileReference; lastKnownFileType = sourcecode.swift; path = AppDelegate.swift; sourceTree = "<group>"; };
		C53FD01E207E4781008A1B71 /* ViewController.swift */ = {isa = PBXFileReference; lastKnownFileType = sourcecode.swift; path = ViewController.swift; sourceTree = "<group>"; };
		C53FD021207E4781008A1B71 /* Base */ = {isa = PBXFileReference; lastKnownFileType = file.storyboard; name = Base; path = Base.lproj/Main.storyboard; sourceTree = "<group>"; };
		C53FD023207E4782008A1B71 /* Assets.xcassets */ = {isa = PBXFileReference; lastKnownFileType = folder.assetcatalog; path = Assets.xcassets; sourceTree = "<group>"; };
		C53FD026207E4782008A1B71 /* Base */ = {isa = PBXFileReference; lastKnownFileType = file.storyboard; name = Base; path = Base.lproj/LaunchScreen.storyboard; sourceTree = "<group>"; };
		C53FD028207E4783008A1B71 /* Info.plist */ = {isa = PBXFileReference; lastKnownFileType = text.plist.xml; path = Info.plist; sourceTree = "<group>"; };
		C53FD02D207E4783008A1B71 /* IBBasicsTests.xctest */ = {isa = PBXFileReference; explicitFileType = wrapper.cfbundle; includeInIndex = 0; path = IBBasicsTests.xctest; sourceTree = BUILT_PRODUCTS_DIR; };
		C53FD031207E4783008A1B71 /* IBBasicsTests.swift */ = {isa = PBXFileReference; lastKnownFileType = sourcecode.swift; path = IBBasicsTests.swift; sourceTree = "<group>"; };
		C53FD033207E4783008A1B71 /* Info.plist */ = {isa = PBXFileReference; lastKnownFileType = text.plist.xml; path = Info.plist; sourceTree = "<group>"; };
		C53FD038207E4783008A1B71 /* IBBasicsUITests.xctest */ = {isa = PBXFileReference; explicitFileType = wrapper.cfbundle; includeInIndex = 0; path = IBBasicsUITests.xctest; sourceTree = BUILT_PRODUCTS_DIR; };
		C53FD03C207E4783008A1B71 /* IBBasicsUITests.swift */ = {isa = PBXFileReference; lastKnownFileType = sourcecode.swift; path = IBBasicsUITests.swift; sourceTree = "<group>"; };
		C53FD03E207E4783008A1B71 /* Info.plist */ = {isa = PBXFileReference; lastKnownFileType = text.plist.xml; path = Info.plist; sourceTree = "<group>"; };
/* End PBXFileReference section */

/* Begin PBXFrameworksBuildPhase section */
		C53FD016207E4781008A1B71 /* Frameworks */ = {
			isa = PBXFrameworksBuildPhase;
			buildActionMask = 2147483647;
			files = (
			);
			runOnlyForDeploymentPostprocessing = 0;
		};
		C53FD02A207E4783008A1B71 /* Frameworks */ = {
			isa = PBXFrameworksBuildPhase;
			buildActionMask = 2147483647;
			files = (
			);
			runOnlyForDeploymentPostprocessing = 0;
		};
		C53FD035207E4783008A1B71 /* Frameworks */ = {
			isa = PBXFrameworksBuildPhase;
			buildActionMask = 2147483647;
			files = (
			);
			runOnlyForDeploymentPostprocessing = 0;
		};
/* End PBXFrameworksBuildPhase section */

/* Begin PBXGroup section */
		C53FD010207E4781008A1B71 = {
			isa = PBXGroup;
			children = (
				C53FD01B207E4781008A1B71 /* IBBasics */,
				C53FD030207E4783008A1B71 /* IBBasicsTests */,
				C53FD03B207E4783008A1B71 /* IBBasicsUITests */,
				C53FD01A207E4781008A1B71 /* Products */,
			);
			sourceTree = "<group>";
		};
		C53FD01A207E4781008A1B71 /* Products */ = {
			isa = PBXGroup;
			children = (
				C53FD019207E4781008A1B71 /* IBBasics.app */,
				C53FD02D207E4783008A1B71 /* IBBasicsTests.xctest */,
				C53FD038207E4783008A1B71 /* IBBasicsUITests.xctest */,
			);
			name = Products;
			sourceTree = "<group>";
		};
		C53FD01B207E4781008A1B71 /* IBBasics */ = {
			isa = PBXGroup;
			children = (
				C53FD01C207E4781008A1B71 /* AppDelegate.swift */,
				C53FD01E207E4781008A1B71 /* ViewController.swift */,
				C53FD020207E4781008A1B71 /* Main.storyboard */,
				C53FD023207E4782008A1B71 /* Assets.xcassets */,
				C53FD025207E4782008A1B71 /* LaunchScreen.storyboard */,
				C53FD028207E4783008A1B71 /* Info.plist */,
			);
			path = IBBasics;
			sourceTree = "<group>";
		};
		C53FD030207E4783008A1B71 /* IBBasicsTests */ = {
			isa = PBXGroup;
			children = (
				C53FD031207E4783008A1B71 /* IBBasicsTests.swift */,
				C53FD033207E4783008A1B71 /* Info.plist */,
			);
			path = IBBasicsTests;
			sourceTree = "<group>";
		};
		C53FD03B207E4783008A1B71 /* IBBasicsUITests */ = {
			isa = PBXGroup;
			children = (
				C53FD03C207E4783008A1B71 /* IBBasicsUITests.swift */,
				C53FD03E207E4783008A1B71 /* Info.plist */,
			);
			path = IBBasicsUITests;
			sourceTree = "<group>";
		};
/* End PBXGroup section */

/* Begin PBXNativeTarget section */
		C53FD018207E4781008A1B71 /* IBBasics */ = {
			isa = PBXNativeTarget;
			buildConfigurationList = C53FD041207E4783008A1B71 /* Build configuration list for PBXNativeTarget "IBBasics" */;
			buildPhases = (
				C53FD015207E4781008A1B71 /* Sources */,
				C53FD016207E4781008A1B71 /* Frameworks */,
				C53FD017207E4781008A1B71 /* Resources */,
			);
			buildRules = (
			);
			dependencies = (
			);
			name = IBBasics;
			productName = IBBasics;
			productReference = C53FD019207E4781008A1B71 /* IBBasics.app */;
			productType = "com.apple.product-type.application";
		};
		C53FD02C207E4783008A1B71 /* IBBasicsTests */ = {
			isa = PBXNativeTarget;
			buildConfigurationList = C53FD044207E4783008A1B71 /* Build configuration list for PBXNativeTarget "IBBasicsTests" */;
			buildPhases = (
				C53FD029207E4783008A1B71 /* Sources */,
				C53FD02A207E4783008A1B71 /* Frameworks */,
				C53FD02B207E4783008A1B71 /* Resources */,
			);
			buildRules = (
			);
			dependencies = (
				C53FD02F207E4783008A1B71 /* PBXTargetDependency */,
			);
			name = IBBasicsTests;
			productName = IBBasicsTests;
			productReference = C53FD02D207E4783008A1B71 /* IBBasicsTests.xctest */;
			productType = "com.apple.product-type.bundle.unit-test";
		};
		C53FD037207E4783008A1B71 /* IBBasicsUITests */ = {
			isa = PBXNativeTarget;
			buildConfigurationList = C53FD047207E4783008A1B71 /* Build configuration list for PBXNativeTarget "IBBasicsUITests" */;
			buildPhases = (
				C53FD034207E4783008A1B71 /* Sources */,
				C53FD035207E4783008A1B71 /* Frameworks */,
				C53FD036207E4783008A1B71 /* Resources */,
			);
			buildRules = (
			);
			dependencies = (
				C53FD03A207E4783008A1B71 /* PBXTargetDependency */,
			);
			name = IBBasicsUITests;
			productName = IBBasicsUITests;
			productReference = C53FD038207E4783008A1B71 /* IBBasicsUITests.xctest */;
			productType = "com.apple.product-type.bundle.ui-testing";
		};
/* End PBXNativeTarget section */

/* Begin PBXProject section */
		C53FD011207E4781008A1B71 /* Project object */ = {
			isa = PBXProject;
			attributes = {
				LastSwiftUpdateCheck = 0930;
				LastUpgradeCheck = 0930;
				ORGANIZATIONNAME = "Nordin Bouchrit";
				TargetAttributes = {
					C53FD018207E4781008A1B71 = {
						CreatedOnToolsVersion = 9.3;
					};
					C53FD02C207E4783008A1B71 = {
						CreatedOnToolsVersion = 9.3;
						TestTargetID = C53FD018207E4781008A1B71;
					};
					C53FD037207E4783008A1B71 = {
						CreatedOnToolsVersion = 9.3;
						TestTargetID = C53FD018207E4781008A1B71;
					};
				};
			};
			buildConfigurationList = C53FD014207E4781008A1B71 /* Build configuration list for PBXProject "IBBasics" */;
			compatibilityVersion = "Xcode 9.3";
			developmentRegion = en;
			hasScannedForEncodings = 0;
			knownRegions = (
				en,
				Base,
			);
			mainGroup = C53FD010207E4781008A1B71;
			productRefGroup = C53FD01A207E4781008A1B71 /* Products */;
			projectDirPath = "";
			projectRoot = "";
			targets = (
				C53FD018207E4781008A1B71 /* IBBasics */,
				C53FD02C207E4783008A1B71 /* IBBasicsTests */,
				C53FD037207E4783008A1B71 /* IBBasicsUITests */,
			);
		};
/* End PBXProject section */

/* Begin PBXResourcesBuildPhase section */
		C53FD017207E4781008A1B71 /* Resources */ = {
			isa = PBXResourcesBuildPhase;
			buildActionMask = 2147483647;
			files = (
				C53FD027207E4782008A1B71 /* LaunchScreen.storyboard in Resources */,
				C53FD024207E4782008A1B71 /* Assets.xcassets in Resources */,
				C53FD022207E4781008A1B71 /* Main.storyboard in Resources */,
			);
			runOnlyForDeploymentPostprocessing = 0;
		};
		C53FD02B207E4783008A1B71 /* Resources */ = {
			isa = PBXResourcesBuildPhase;
			buildActionMask = 2147483647;
			files = (
			);
			runOnlyForDeploymentPostprocessing = 0;
		};
		C53FD036207E4783008A1B71 /* Resources */ = {
			isa = PBXResourcesBuildPhase;
			buildActionMask = 2147483647;
			files = (
			);
			runOnlyForDeploymentPostprocessing = 0;
		};
/* End PBXResourcesBuildPhase section */

/* Begin PBXSourcesBuildPhase section */
		C53FD015207E4781008A1B71 /* Sources */ = {
			isa = PBXSourcesBuildPhase;
			buildActionMask = 2147483647;
			files = (
				C53FD01F207E4781008A1B71 /* ViewController.swift in Sources */,
				C53FD01D207E4781008A1B71 /* AppDelegate.swift in Sources */,
			);
			runOnlyForDeploymentPostprocessing = 0;
		};
		C53FD029207E4783008A1B71 /* Sources */ = {
			isa = PBXSourcesBuildPhase;
			buildActionMask = 2147483647;
			files = (
				C53FD032207E4783008A1B71 /* IBBasicsTests.swift in Sources */,
			);
			runOnlyForDeploymentPostprocessing = 0;
		};
		C53FD034207E4783008A1B71 /* Sources */ = {
			isa = PBXSourcesBuildPhase;
			buildActionMask = 2147483647;
			files = (
				C53FD03D207E4783008A1B71 /* IBBasicsUITests.swift in Sources */,
			);
			runOnlyForDeploymentPostprocessing = 0;
		};
/* End PBXSourcesBuildPhase section */

/* Begin PBXTargetDependency section */
		C53FD02F207E4783008A1B71 /* PBXTargetDependency */ = {
			isa = PBXTargetDependency;
			target = C53FD018207E4781008A1B71 /* IBBasics */;
			targetProxy = C53FD02E207E4783008A1B71 /* PBXContainerItemProxy */;
		};
		C53FD03A207E4783008A1B71 /* PBXTargetDependency */ = {
			isa = PBXTargetDependency;
			target = C53FD018207E4781008A1B71 /* IBBasics */;
			targetProxy = C53FD039207E4783008A1B71 /* PBXContainerItemProxy */;
		};
/* End PBXTargetDependency section */

/* Begin PBXVariantGroup section */
		C53FD020207E4781008A1B71 /* Main.storyboard */ = {
			isa = PBXVariantGroup;
			children = (
				C53FD021207E4781008A1B71 /* Base */,
			);
			name = Main.storyboard;
			sourceTree = "<group>";
		};
		C53FD025207E4782008A1B71 /* LaunchScreen.storyboard */ = {
			isa = PBXVariantGroup;
			children = (
				C53FD026207E4782008A1B71 /* Base */,
			);
			name = LaunchScreen.storyboard;
			sourceTree = "<group>";
		};
/* End PBXVariantGroup section */

/* Begin XCBuildConfiguration section */
		C53FD03F207E4783008A1B71 /* Debug */ = {
			isa = XCBuildConfiguration;
			buildSettings = {
				ALWAYS_SEARCH_USER_PATHS = NO;
				CLANG_ANALYZER_NONNULL = YES;
				CLANG_ANALYZER_NUMBER_OBJECT_CONVERSION = YES_AGGRESSIVE;
				CLANG_CXX_LANGUAGE_STANDARD = "gnu++14";
				CLANG_CXX_LIBRARY = "libc++";
				CLANG_ENABLE_MODULES = YES;
				CLANG_ENABLE_OBJC_ARC = YES;
				CLANG_ENABLE_OBJC_WEAK = YES;
				CLANG_WARN_BLOCK_CAPTURE_AUTORELEASING = YES;
				CLANG_WARN_BOOL_CONVERSION = YES;
				CLANG_WARN_COMMA = YES;
				CLANG_WARN_CONSTANT_CONVERSION = YES;
				CLANG_WARN_DEPRECATED_OBJC_IMPLEMENTATIONS = YES;
				CLANG_WARN_DIRECT_OBJC_ISA_USAGE = YES_ERROR;
				CLANG_WARN_DOCUMENTATION_COMMENTS = YES;
				CLANG_WARN_EMPTY_BODY = YES;
				CLANG_WARN_ENUM_CONVERSION = YES;
				CLANG_WARN_INFINITE_RECURSION = YES;
				CLANG_WARN_INT_CONVERSION = YES;
				CLANG_WARN_NON_LITERAL_NULL_CONVERSION = YES;
				CLANG_WARN_OBJC_IMPLICIT_RETAIN_SELF = YES;
				CLANG_WARN_OBJC_LITERAL_CONVERSION = YES;
				CLANG_WARN_OBJC_ROOT_CLASS = YES_ERROR;
				CLANG_WARN_RANGE_LOOP_ANALYSIS = YES;
				CLANG_WARN_STRICT_PROTOTYPES = YES;
				CLANG_WARN_SUSPICIOUS_MOVE = YES;
				CLANG_WARN_UNGUARDED_AVAILABILITY = YES_AGGRESSIVE;
				CLANG_WARN_UNREACHABLE_CODE = YES;
				CLANG_WARN__DUPLICATE_METHOD_MATCH = YES;
				CODE_SIGN_IDENTITY = "iPhone Developer";
				COPY_PHASE_STRIP = NO;
				DEBUG_INFORMATION_FORMAT = dwarf;
				ENABLE_STRICT_OBJC_MSGSEND = YES;
				ENABLE_TESTABILITY = YES;
				GCC_C_LANGUAGE_STANDARD = gnu11;
				GCC_DYNAMIC_NO_PIC = NO;
				GCC_NO_COMMON_BLOCKS = YES;
				GCC_OPTIMIZATION_LEVEL = 0;
				GCC_PREPROCESSOR_DEFINITIONS = (
					"DEBUG=1",
					"$(inherited)",
				);
				GCC_WARN_64_TO_32_BIT_CONVERSION = YES;
				GCC_WARN_ABOUT_RETURN_TYPE = YES_ERROR;
				GCC_WARN_UNDECLARED_SELECTOR = YES;
				GCC_WARN_UNINITIALIZED_AUTOS = YES_AGGRESSIVE;
				GCC_WARN_UNUSED_FUNCTION = YES;
				GCC_WARN_UNUSED_VARIABLE = YES;
				IPHONEOS_DEPLOYMENT_TARGET = 11.3;
				MTL_ENABLE_DEBUG_INFO = YES;
				ONLY_ACTIVE_ARCH = YES;
				SDKROOT = iphoneos;
				SWIFT_ACTIVE_COMPILATION_CONDITIONS = DEBUG;
				SWIFT_OPTIMIZATION_LEVEL = "-Onone";
			};
			name = Debug;
		};
		C53FD040207E4783008A1B71 /* Release */ = {
			isa = XCBuildConfiguration;
			buildSettings = {
				ALWAYS_SEARCH_USER_PATHS = NO;
				CLANG_ANALYZER_NONNULL = YES;
				CLANG_ANALYZER_NUMBER_OBJECT_CONVERSION = YES_AGGRESSIVE;
				CLANG_CXX_LANGUAGE_STANDARD = "gnu++14";
				CLANG_CXX_LIBRARY = "libc++";
				CLANG_ENABLE_MODULES = YES;
				CLANG_ENABLE_OBJC_ARC = YES;
				CLANG_ENABLE_OBJC_WEAK = YES;
				CLANG_WARN_BLOCK_CAPTURE_AUTORELEASING = YES;
				CLANG_WARN_BOOL_CONVERSION = YES;
				CLANG_WARN_COMMA = YES;
				CLANG_WARN_CONSTANT_CONVERSION = YES;
				CLANG_WARN_DEPRECATED_OBJC_IMPLEMENTATIONS = YES;
				CLANG_WARN_DIRECT_OBJC_ISA_USAGE = YES_ERROR;
				CLANG_WARN_DOCUMENTATION_COMMENTS = YES;
				CLANG_WARN_EMPTY_BODY = YES;
				CLANG_WARN_ENUM_CONVERSION = YES;
				CLANG_WARN_INFINITE_RECURSION = YES;
				CLANG_WARN_INT_CONVERSION = YES;
				CLANG_WARN_NON_LITERAL_NULL_CONVERSION = YES;
				CLANG_WARN_OBJC_IMPLICIT_RETAIN_SELF = YES;
				CLANG_WARN_OBJC_LITERAL_CONVERSION = YES;
				CLANG_WARN_OBJC_ROOT_CLASS = YES_ERROR;
				CLANG_WARN_RANGE_LOOP_ANALYSIS = YES;
				CLANG_WARN_STRICT_PROTOTYPES = YES;
				CLANG_WARN_SUSPICIOUS_MOVE = YES;
				CLANG_WARN_UNGUARDED_AVAILABILITY = YES_AGGRESSIVE;
				CLANG_WARN_UNREACHABLE_CODE = YES;
				CLANG_WARN__DUPLICATE_METHOD_MATCH = YES;
				CODE_SIGN_IDENTITY = "iPhone Developer";
				COPY_PHASE_STRIP = NO;
				DEBUG_INFORMATION_FORMAT = "dwarf-with-dsym";
				ENABLE_NS_ASSERTIONS = NO;
				ENABLE_STRICT_OBJC_MSGSEND = YES;
				GCC_C_LANGUAGE_STANDARD = gnu11;
				GCC_NO_COMMON_BLOCKS = YES;
				GCC_WARN_64_TO_32_BIT_CONVERSION = YES;
				GCC_WARN_ABOUT_RETURN_TYPE = YES_ERROR;
				GCC_WARN_UNDECLARED_SELECTOR = YES;
				GCC_WARN_UNINITIALIZED_AUTOS = YES_AGGRESSIVE;
				GCC_WARN_UNUSED_FUNCTION = YES;
				GCC_WARN_UNUSED_VARIABLE = YES;
				IPHONEOS_DEPLOYMENT_TARGET = 11.3;
				MTL_ENABLE_DEBUG_INFO = NO;
				SDKROOT = iphoneos;
				SWIFT_COMPILATION_MODE = wholemodule;
				SWIFT_OPTIMIZATION_LEVEL = "-O";
				VALIDATE_PRODUCT = YES;
			};
			name = Release;
		};
		C53FD042207E4783008A1B71 /* Debug */ = {
			isa = XCBuildConfiguration;
			buildSettings = {
				ASSETCATALOG_COMPILER_APPICON_NAME = AppIcon;
				CODE_SIGN_STYLE = Automatic;
				DEVELOPMENT_TEAM = UQLP4JG3G2;
				INFOPLIST_FILE = IBBasics/Info.plist;
				LD_RUNPATH_SEARCH_PATHS = (
					"$(inherited)",
					"@executable_path/Frameworks",
				);
				PRODUCT_BUNDLE_IDENTIFIER = com.NordinBouchrit.IBBasics;
				PRODUCT_NAME = "$(TARGET_NAME)";
				SWIFT_VERSION = 4.0;
				TARGETED_DEVICE_FAMILY = "1,2";
			};
			name = Debug;
		};
		C53FD043207E4783008A1B71 /* Release */ = {
			isa = XCBuildConfiguration;
			buildSettings = {
				ASSETCATALOG_COMPILER_APPICON_NAME = AppIcon;
				CODE_SIGN_STYLE = Automatic;
				DEVELOPMENT_TEAM = UQLP4JG3G2;
				INFOPLIST_FILE = IBBasics/Info.plist;
				LD_RUNPATH_SEARCH_PATHS = (
					"$(inherited)",
					"@executable_path/Frameworks",
				);
				PRODUCT_BUNDLE_IDENTIFIER = com.NordinBouchrit.IBBasics;
				PRODUCT_NAME = "$(TARGET_NAME)";
				SWIFT_VERSION = 4.0;
				TARGETED_DEVICE_FAMILY = "1,2";
			};
			name = Release;
		};
		C53FD045207E4783008A1B71 /* Debug */ = {
			isa = XCBuildConfiguration;
			buildSettings = {
				ALWAYS_EMBED_SWIFT_STANDARD_LIBRARIES = YES;
				BUNDLE_LOADER = "$(TEST_HOST)";
				CODE_SIGN_STYLE = Automatic;
				DEVELOPMENT_TEAM = UQLP4JG3G2;
				INFOPLIST_FILE = IBBasicsTests/Info.plist;
				LD_RUNPATH_SEARCH_PATHS = (
					"$(inherited)",
					"@executable_path/Frameworks",
					"@loader_path/Frameworks",
				);
				PRODUCT_BUNDLE_IDENTIFIER = com.NordinBouchrit.IBBasicsTests;
				PRODUCT_NAME = "$(TARGET_NAME)";
				SWIFT_VERSION = 4.0;
				TARGETED_DEVICE_FAMILY = "1,2";
				TEST_HOST = "$(BUILT_PRODUCTS_DIR)/IBBasics.app/IBBasics";
			};
			name = Debug;
		};
		C53FD046207E4783008A1B71 /* Release */ = {
			isa = XCBuildConfiguration;
			buildSettings = {
				ALWAYS_EMBED_SWIFT_STANDARD_LIBRARIES = YES;
				BUNDLE_LOADER = "$(TEST_HOST)";
				CODE_SIGN_STYLE = Automatic;
				DEVELOPMENT_TEAM = UQLP4JG3G2;
				INFOPLIST_FILE = IBBasicsTests/Info.plist;
				LD_RUNPATH_SEARCH_PATHS = (
					"$(inherited)",
					"@executable_path/Frameworks",
					"@loader_path/Frameworks",
				);
				PRODUCT_BUNDLE_IDENTIFIER = com.NordinBouchrit.IBBasicsTests;
				PRODUCT_NAME = "$(TARGET_NAME)";
				SWIFT_VERSION = 4.0;
				TARGETED_DEVICE_FAMILY = "1,2";
				TEST_HOST = "$(BUILT_PRODUCTS_DIR)/IBBasics.app/IBBasics";
			};
			name = Release;
		};
		C53FD048207E4783008A1B71 /* Debug */ = {
			isa = XCBuildConfiguration;
			buildSettings = {
				ALWAYS_EMBED_SWIFT_STANDARD_LIBRARIES = YES;
				CODE_SIGN_STYLE = Automatic;
				DEVELOPMENT_TEAM = UQLP4JG3G2;
				INFOPLIST_FILE = IBBasicsUITests/Info.plist;
				LD_RUNPATH_SEARCH_PATHS = (
					"$(inherited)",
					"@executable_path/Frameworks",
					"@loader_path/Frameworks",
				);
				PRODUCT_BUNDLE_IDENTIFIER = com.NordinBouchrit.IBBasicsUITests;
				PRODUCT_NAME = "$(TARGET_NAME)";
				SWIFT_VERSION = 4.0;
				TARGETED_DEVICE_FAMILY = "1,2";
				TEST_TARGET_NAME = IBBasics;
			};
			name = Debug;
		};
		C53FD049207E4783008A1B71 /* Release */ = {
			isa = XCBuildConfiguration;
			buildSettings = {
				ALWAYS_EMBED_SWIFT_STANDARD_LIBRARIES = YES;
				CODE_SIGN_STYLE = Automatic;
				DEVELOPMENT_TEAM = UQLP4JG3G2;
				INFOPLIST_FILE = IBBasicsUITests/Info.plist;
				LD_RUNPATH_SEARCH_PATHS = (
					"$(inherited)",
					"@executable_path/Frameworks",
					"@loader_path/Frameworks",
				);
				PRODUCT_BUNDLE_IDENTIFIER = com.NordinBouchrit.IBBasicsUITests;
				PRODUCT_NAME = "$(TARGET_NAME)";
				SWIFT_VERSION = 4.0;
				TARGETED_DEVICE_FAMILY = "1,2";
				TEST_TARGET_NAME = IBBasics;
			};
			name = Release;
		};
/* End XCBuildConfiguration section */

/* Begin XCConfigurationList section */
		C53FD014207E4781008A1B71 /* Build configuration list for PBXProject "IBBasics" */ = {
			isa = XCConfigurationList;
			buildConfigurations = (
				C53FD03F207E4783008A1B71 /* Debug */,
				C53FD040207E4783008A1B71 /* Release */,
			);
			defaultConfigurationIsVisible = 0;
			defaultConfigurationName = Release;
		};
		C53FD041207E4783008A1B71 /* Build configuration list for PBXNativeTarget "IBBasics" */ = {
			isa = XCConfigurationList;
			buildConfigurations = (
				C53FD042207E4783008A1B71 /* Debug */,
				C53FD043207E4783008A1B71 /* Release */,
			);
			defaultConfigurationIsVisible = 0;
			defaultConfigurationName = Release;
		};
		C53FD044207E4783008A1B71 /* Build configuration list for PBXNativeTarget "IBBasicsTests" */ = {
			isa = XCConfigurationList;
			buildConfigurations = (
				C53FD045207E4783008A1B71 /* Debug */,
				C53FD046207E4783008A1B71 /* Release */,
			);
			defaultConfigurationIsVisible = 0;
			defaultConfigurationName = Release;
		};
		C53FD047207E4783008A1B71 /* Build configuration list for PBXNativeTarget "IBBasicsUITests" */ = {
			isa = XCConfigurationList;
			buildConfigurations = (
				C53FD048207E4783008A1B71 /* Debug */,
				C53FD049207E4783008A1B71 /* Release */,
			);
			defaultConfigurationIsVisible = 0;
			defaultConfigurationName = Release;
		};
/* End XCConfigurationList section */
	};
	rootObject = C53FD011207E4781008A1B71 /* Project object */;
}
