// !$*UTF8*$!
{
	archiveVersion = 1;
	classes = {
	};
	objectVersion = 50;
	objects = {

/* Begin PBXBuildFile section */
		C5282687207E361900AE001E /* AppDelegate.swift in Sources */ = {isa = PBXBuildFile; fileRef = C5282686207E361900AE001E /* AppDelegate.swift */; };
		C5282689207E361900AE001E /* ViewController.swift in Sources */ = {isa = PBXBuildFile; fileRef = C5282688207E361900AE001E /* ViewController.swift */; };
		C528268C207E361900AE001E /* Main.storyboard in Resources */ = {isa = PBXBuildFile; fileRef = C528268A207E361900AE001E /* Main.storyboard */; };
		C528268E207E361A00AE001E /* Assets.xcassets in Resources */ = {isa = PBXBuildFile; fileRef = C528268D207E361A00AE001E /* Assets.xcassets */; };
		C5282691207E361A00AE001E /* LaunchScreen.storyboard in Resources */ = {isa = PBXBuildFile; fileRef = C528268F207E361A00AE001E /* LaunchScreen.storyboard */; };
		C528269C207E361B00AE001E /* GettingStartedTests.swift in Sources */ = {isa = PBXBuildFile; fileRef = C528269B207E361B00AE001E /* GettingStartedTests.swift */; };
		C52826A7207E361B00AE001E /* GettingStartedUITests.swift in Sources */ = {isa = PBXBuildFile; fileRef = C52826A6207E361B00AE001E /* GettingStartedUITests.swift */; };
/* End PBXBuildFile section */

/* Begin PBXContainerItemProxy section */
		C5282698207E361B00AE001E /* PBXContainerItemProxy */ = {
			isa = PBXContainerItemProxy;
			containerPortal = C528267B207E361900AE001E /* Project object */;
			proxyType = 1;
			remoteGlobalIDString = C5282682207E361900AE001E;
			remoteInfo = GettingStarted;
		};
		C52826A3207E361B00AE001E /* PBXContainerItemProxy */ = {
			isa = PBXContainerItemProxy;
			containerPortal = C528267B207E361900AE001E /* Project object */;
			proxyType = 1;
			remoteGlobalIDString = C5282682207E361900AE001E;
			remoteInfo = GettingStarted;
		};
/* End PBXContainerItemProxy section */

/* Begin PBXFileReference section */
		C5282683207E361900AE001E /* GettingStarted.app */ = {isa = PBXFileReference; explicitFileType = wrapper.application; includeInIndex = 0; path = GettingStarted.app; sourceTree = BUILT_PRODUCTS_DIR; };
		C5282686207E361900AE001E /* AppDelegate.swift */ = {isa = PBXFileReference; lastKnownFileType = sourcecode.swift; path = AppDelegate.swift; sourceTree = "<group>"; };
		C5282688207E361900AE001E /* ViewController.swift */ = {isa = PBXFileReference; lastKnownFileType = sourcecode.swift; path = ViewController.swift; sourceTree = "<group>"; };
		C528268B207E361900AE001E /* Base */ = {isa = PBXFileReference; lastKnownFileType = file.storyboard; name = Base; path = Base.lproj/Main.storyboard; sourceTree = "<group>"; };
		C528268D207E361A00AE001E /* Assets.xcassets */ = {isa = PBXFileReference; lastKnownFileType = folder.assetcatalog; path = Assets.xcassets; sourceTree = "<group>"; };
		C5282690207E361A00AE001E /* Base */ = {isa = PBXFileReference; lastKnownFileType = file.storyboard; name = Base; path = Base.lproj/LaunchScreen.storyboard; sourceTree = "<group>"; };
		C5282692207E361B00AE001E /* Info.plist */ = {isa = PBXFileReference; lastKnownFileType = text.plist.xml; path = Info.plist; sourceTree = "<group>"; };
		C5282697207E361B00AE001E /* GettingStartedTests.xctest */ = {isa = PBXFileReference; explicitFileType = wrapper.cfbundle; includeInIndex = 0; path = GettingStartedTests.xctest; sourceTree = BUILT_PRODUCTS_DIR; };
		C528269B207E361B00AE001E /* GettingStartedTests.swift */ = {isa = PBXFileReference; lastKnownFileType = sourcecode.swift; path = GettingStartedTests.swift; sourceTree = "<group>"; };
		C528269D207E361B00AE001E /* Info.plist */ = {isa = PBXFileReference; lastKnownFileType = text.plist.xml; path = Info.plist; sourceTree = "<group>"; };
		C52826A2207E361B00AE001E /* GettingStartedUITests.xctest */ = {isa = PBXFileReference; explicitFileType = wrapper.cfbundle; includeInIndex = 0; path = GettingStartedUITests.xctest; sourceTree = BUILT_PRODUCTS_DIR; };
		C52826A6207E361B00AE001E /* GettingStartedUITests.swift */ = {isa = PBXFileReference; lastKnownFileType = sourcecode.swift; path = GettingStartedUITests.swift; sourceTree = "<group>"; };
		C52826A8207E361B00AE001E /* Info.plist */ = {isa = PBXFileReference; lastKnownFileType = text.plist.xml; path = Info.plist; sourceTree = "<group>"; };
/* End PBXFileReference section */

/* Begin PBXFrameworksBuildPhase section */
		C5282680207E361900AE001E /* Frameworks */ = {
			isa = PBXFrameworksBuildPhase;
			buildActionMask = 2147483647;
			files = (
			);
			runOnlyForDeploymentPostprocessing = 0;
		};
		C5282694207E361B00AE001E /* Frameworks */ = {
			isa = PBXFrameworksBuildPhase;
			buildActionMask = 2147483647;
			files = (
			);
			runOnlyForDeploymentPostprocessing = 0;
		};
		C528269F207E361B00AE001E /* Frameworks */ = {
			isa = PBXFrameworksBuildPhase;
			buildActionMask = 2147483647;
			files = (
			);
			runOnlyForDeploymentPostprocessing = 0;
		};
/* End PBXFrameworksBuildPhase section */

/* Begin PBXGroup section */
		C528267A207E361900AE001E = {
			isa = PBXGroup;
			children = (
				C5282685207E361900AE001E /* GettingStarted */,
				C528269A207E361B00AE001E /* GettingStartedTests */,
				C52826A5207E361B00AE001E /* GettingStartedUITests */,
				C5282684207E361900AE001E /* Products */,
			);
			sourceTree = "<group>";
		};
		C5282684207E361900AE001E /* Products */ = {
			isa = PBXGroup;
			children = (
				C5282683207E361900AE001E /* GettingStarted.app */,
				C5282697207E361B00AE001E /* GettingStartedTests.xctest */,
				C52826A2207E361B00AE001E /* GettingStartedUITests.xctest */,
			);
			name = Products;
			sourceTree = "<group>";
		};
		C5282685207E361900AE001E /* GettingStarted */ = {
			isa = PBXGroup;
			children = (
				C5282686207E361900AE001E /* AppDelegate.swift */,
				C5282688207E361900AE001E /* ViewController.swift */,
				C528268A207E361900AE001E /* Main.storyboard */,
				C528268D207E361A00AE001E /* Assets.xcassets */,
				C528268F207E361A00AE001E /* LaunchScreen.storyboard */,
				C5282692207E361B00AE001E /* Info.plist */,
			);
			path = GettingStarted;
			sourceTree = "<group>";
		};
		C528269A207E361B00AE001E /* GettingStartedTests */ = {
			isa = PBXGroup;
			children = (
				C528269B207E361B00AE001E /* GettingStartedTests.swift */,
				C528269D207E361B00AE001E /* Info.plist */,
			);
			path = GettingStartedTests;
			sourceTree = "<group>";
		};
		C52826A5207E361B00AE001E /* GettingStartedUITests */ = {
			isa = PBXGroup;
			children = (
				C52826A6207E361B00AE001E /* GettingStartedUITests.swift */,
				C52826A8207E361B00AE001E /* Info.plist */,
			);
			path = GettingStartedUITests;
			sourceTree = "<group>";
		};
/* End PBXGroup section */

/* Begin PBXNativeTarget section */
		C5282682207E361900AE001E /* GettingStarted */ = {
			isa = PBXNativeTarget;
			buildConfigurationList = C52826AB207E361B00AE001E /* Build configuration list for PBXNativeTarget "GettingStarted" */;
			buildPhases = (
				C528267F207E361900AE001E /* Sources */,
				C5282680207E361900AE001E /* Frameworks */,
				C5282681207E361900AE001E /* Resources */,
			);
			buildRules = (
			);
			dependencies = (
			);
			name = GettingStarted;
			productName = GettingStarted;
			productReference = C5282683207E361900AE001E /* GettingStarted.app */;
			productType = "com.apple.product-type.application";
		};
		C5282696207E361B00AE001E /* GettingStartedTests */ = {
			isa = PBXNativeTarget;
			buildConfigurationList = C52826AE207E361B00AE001E /* Build configuration list for PBXNativeTarget "GettingStartedTests" */;
			buildPhases = (
				C5282693207E361B00AE001E /* Sources */,
				C5282694207E361B00AE001E /* Frameworks */,
				C5282695207E361B00AE001E /* Resources */,
			);
			buildRules = (
			);
			dependencies = (
				C5282699207E361B00AE001E /* PBXTargetDependency */,
			);
			name = GettingStartedTests;
			productName = GettingStartedTests;
			productReference = C5282697207E361B00AE001E /* GettingStartedTests.xctest */;
			productType = "com.apple.product-type.bundle.unit-test";
		};
		C52826A1207E361B00AE001E /* GettingStartedUITests */ = {
			isa = PBXNativeTarget;
			buildConfigurationList = C52826B1207E361B00AE001E /* Build configuration list for PBXNativeTarget "GettingStartedUITests" */;
			buildPhases = (
				C528269E207E361B00AE001E /* Sources */,
				C528269F207E361B00AE001E /* Frameworks */,
				C52826A0207E361B00AE001E /* Resources */,
			);
			buildRules = (
			);
			dependencies = (
				C52826A4207E361B00AE001E /* PBXTargetDependency */,
			);
			name = GettingStartedUITests;
			productName = GettingStartedUITests;
			productReference = C52826A2207E361B00AE001E /* GettingStartedUITests.xctest */;
			productType = "com.apple.product-type.bundle.ui-testing";
		};
/* End PBXNativeTarget section */

/* Begin PBXProject section */
		C528267B207E361900AE001E /* Project object */ = {
			isa = PBXProject;
			attributes = {
				LastSwiftUpdateCheck = 0930;
				LastUpgradeCheck = 0930;
				ORGANIZATIONNAME = "Nordin Bouchrit";
				TargetAttributes = {
					C5282682207E361900AE001E = {
						CreatedOnToolsVersion = 9.3;
					};
					C5282696207E361B00AE001E = {
						CreatedOnToolsVersion = 9.3;
						TestTargetID = C5282682207E361900AE001E;
					};
					C52826A1207E361B00AE001E = {
						CreatedOnToolsVersion = 9.3;
						TestTargetID = C5282682207E361900AE001E;
					};
				};
			};
			buildConfigurationList = C528267E207E361900AE001E /* Build configuration list for PBXProject "GettingStarted" */;
			compatibilityVersion = "Xcode 9.3";
			developmentRegion = en;
			hasScannedForEncodings = 0;
			knownRegions = (
				en,
				Base,
			);
			mainGroup = C528267A207E361900AE001E;
			productRefGroup = C5282684207E361900AE001E /* Products */;
			projectDirPath = "";
			projectRoot = "";
			targets = (
				C5282682207E361900AE001E /* GettingStarted */,
				C5282696207E361B00AE001E /* GettingStartedTests */,
				C52826A1207E361B00AE001E /* GettingStartedUITests */,
			);
		};
/* End PBXProject section */

/* Begin PBXResourcesBuildPhase section */
		C5282681207E361900AE001E /* Resources */ = {
			isa = PBXResourcesBuildPhase;
			buildActionMask = 2147483647;
			files = (
				C5282691207E361A00AE001E /* LaunchScreen.storyboard in Resources */,
				C528268E207E361A00AE001E /* Assets.xcassets in Resources */,
				C528268C207E361900AE001E /* Main.storyboard in Resources */,
			);
			runOnlyForDeploymentPostprocessing = 0;
		};
		C5282695207E361B00AE001E /* Resources */ = {
			isa = PBXResourcesBuildPhase;
			buildActionMask = 2147483647;
			files = (
			);
			runOnlyForDeploymentPostprocessing = 0;
		};
		C52826A0207E361B00AE001E /* Resources */ = {
			isa = PBXResourcesBuildPhase;
			buildActionMask = 2147483647;
			files = (
			);
			runOnlyForDeploymentPostprocessing = 0;
		};
/* End PBXResourcesBuildPhase section */

/* Begin PBXSourcesBuildPhase section */
		C528267F207E361900AE001E /* Sources */ = {
			isa = PBXSourcesBuildPhase;
			buildActionMask = 2147483647;
			files = (
				C5282689207E361900AE001E /* ViewController.swift in Sources */,
				C5282687207E361900AE001E /* AppDelegate.swift in Sources */,
			);
			runOnlyForDeploymentPostprocessing = 0;
		};
		C5282693207E361B00AE001E /* Sources */ = {
			isa = PBXSourcesBuildPhase;
			buildActionMask = 2147483647;
			files = (
				C528269C207E361B00AE001E /* GettingStartedTests.swift in Sources */,
			);
			runOnlyForDeploymentPostprocessing = 0;
		};
		C528269E207E361B00AE001E /* Sources */ = {
			isa = PBXSourcesBuildPhase;
			buildActionMask = 2147483647;
			files = (
				C52826A7207E361B00AE001E /* GettingStartedUITests.swift in Sources */,
			);
			runOnlyForDeploymentPostprocessing = 0;
		};
/* End PBXSourcesBuildPhase section */

/* Begin PBXTargetDependency section */
		C5282699207E361B00AE001E /* PBXTargetDependency */ = {
			isa = PBXTargetDependency;
			target = C5282682207E361900AE001E /* GettingStarted */;
			targetProxy = C5282698207E361B00AE001E /* PBXContainerItemProxy */;
		};
		C52826A4207E361B00AE001E /* PBXTargetDependency */ = {
			isa = PBXTargetDependency;
			target = C5282682207E361900AE001E /* GettingStarted */;
			targetProxy = C52826A3207E361B00AE001E /* PBXContainerItemProxy */;
		};
/* End PBXTargetDependency section */

/* Begin PBXVariantGroup section */
		C528268A207E361900AE001E /* Main.storyboard */ = {
			isa = PBXVariantGroup;
			children = (
				C528268B207E361900AE001E /* Base */,
			);
			name = Main.storyboard;
			sourceTree = "<group>";
		};
		C528268F207E361A00AE001E /* LaunchScreen.storyboard */ = {
			isa = PBXVariantGroup;
			children = (
				C5282690207E361A00AE001E /* Base */,
			);
			name = LaunchScreen.storyboard;
			sourceTree = "<group>";
		};
/* End PBXVariantGroup section */

/* Begin XCBuildConfiguration section */
		C52826A9207E361B00AE001E /* Debug */ = {
			isa = XCBuildConfiguration;
			buildSettings = {
				ALWAYS_SEARCH_USER_PATHS = NO;
				CLANG_ANALYZER_NONNULL = YES;
				CLANG_ANALYZER_NUMBER_OBJECT_CONVERSION = YES_AGGRESSIVE;
				CLANG_CXX_LANGUAGE_STANDARD = "gnu++14";
				CLANG_CXX_LIBRARY = "libc++";
				CLANG_ENABLE_MODULES = YES;
				CLANG_ENABLE_OBJC_ARC = YES;
				CLANG_ENABLE_OBJC_WEAK = YES;
				CLANG_WARN_BLOCK_CAPTURE_AUTORELEASING = YES;
				CLANG_WARN_BOOL_CONVERSION = YES;
				CLANG_WARN_COMMA = YES;
				CLANG_WARN_CONSTANT_CONVERSION = YES;
				CLANG_WARN_DEPRECATED_OBJC_IMPLEMENTATIONS = YES;
				CLANG_WARN_DIRECT_OBJC_ISA_USAGE = YES_ERROR;
				CLANG_WARN_DOCUMENTATION_COMMENTS = YES;
				CLANG_WARN_EMPTY_BODY = YES;
				CLANG_WARN_ENUM_CONVERSION = YES;
				CLANG_WARN_INFINITE_RECURSION = YES;
				CLANG_WARN_INT_CONVERSION = YES;
				CLANG_WARN_NON_LITERAL_NULL_CONVERSION = YES;
				CLANG_WARN_OBJC_IMPLICIT_RETAIN_SELF = YES;
				CLANG_WARN_OBJC_LITERAL_CONVERSION = YES;
				CLANG_WARN_OBJC_ROOT_CLASS = YES_ERROR;
				CLANG_WARN_RANGE_LOOP_ANALYSIS = YES;
				CLANG_WARN_STRICT_PROTOTYPES = YES;
				CLANG_WARN_SUSPICIOUS_MOVE = YES;
				CLANG_WARN_UNGUARDED_AVAILABILITY = YES_AGGRESSIVE;
				CLANG_WARN_UNREACHABLE_CODE = YES;
				CLANG_WARN__DUPLICATE_METHOD_MATCH = YES;
				CODE_SIGN_IDENTITY = "iPhone Developer";
				COPY_PHASE_STRIP = NO;
				DEBUG_INFORMATION_FORMAT = dwarf;
				ENABLE_STRICT_OBJC_MSGSEND = YES;
				ENABLE_TESTABILITY = YES;
				GCC_C_LANGUAGE_STANDARD = gnu11;
				GCC_DYNAMIC_NO_PIC = NO;
				GCC_NO_COMMON_BLOCKS = YES;
				GCC_OPTIMIZATION_LEVEL = 0;
				GCC_PREPROCESSOR_DEFINITIONS = (
					"DEBUG=1",
					"$(inherited)",
				);
				GCC_WARN_64_TO_32_BIT_CONVERSION = YES;
				GCC_WARN_ABOUT_RETURN_TYPE = YES_ERROR;
				GCC_WARN_UNDECLARED_SELECTOR = YES;
				GCC_WARN_UNINITIALIZED_AUTOS = YES_AGGRESSIVE;
				GCC_WARN_UNUSED_FUNCTION = YES;
				GCC_WARN_UNUSED_VARIABLE = YES;
				IPHONEOS_DEPLOYMENT_TARGET = 11.3;
				MTL_ENABLE_DEBUG_INFO = YES;
				ONLY_ACTIVE_ARCH = YES;
				SDKROOT = iphoneos;
				SWIFT_ACTIVE_COMPILATION_CONDITIONS = DEBUG;
				SWIFT_OPTIMIZATION_LEVEL = "-Onone";
			};
			name = Debug;
		};
		C52826AA207E361B00AE001E /* Release */ = {
			isa = XCBuildConfiguration;
			buildSettings = {
				ALWAYS_SEARCH_USER_PATHS = NO;
				CLANG_ANALYZER_NONNULL = YES;
				CLANG_ANALYZER_NUMBER_OBJECT_CONVERSION = YES_AGGRESSIVE;
				CLANG_CXX_LANGUAGE_STANDARD = "gnu++14";
				CLANG_CXX_LIBRARY = "libc++";
				CLANG_ENABLE_MODULES = YES;
				CLANG_ENABLE_OBJC_ARC = YES;
				CLANG_ENABLE_OBJC_WEAK = YES;
				CLANG_WARN_BLOCK_CAPTURE_AUTORELEASING = YES;
				CLANG_WARN_BOOL_CONVERSION = YES;
				CLANG_WARN_COMMA = YES;
				CLANG_WARN_CONSTANT_CONVERSION = YES;
				CLANG_WARN_DEPRECATED_OBJC_IMPLEMENTATIONS = YES;
				CLANG_WARN_DIRECT_OBJC_ISA_USAGE = YES_ERROR;
				CLANG_WARN_DOCUMENTATION_COMMENTS = YES;
				CLANG_WARN_EMPTY_BODY = YES;
				CLANG_WARN_ENUM_CONVERSION = YES;
				CLANG_WARN_INFINITE_RECURSION = YES;
				CLANG_WARN_INT_CONVERSION = YES;
				CLANG_WARN_NON_LITERAL_NULL_CONVERSION = YES;
				CLANG_WARN_OBJC_IMPLICIT_RETAIN_SELF = YES;
				CLANG_WARN_OBJC_LITERAL_CONVERSION = YES;
				CLANG_WARN_OBJC_ROOT_CLASS = YES_ERROR;
				CLANG_WARN_RANGE_LOOP_ANALYSIS = YES;
				CLANG_WARN_STRICT_PROTOTYPES = YES;
				CLANG_WARN_SUSPICIOUS_MOVE = YES;
				CLANG_WARN_UNGUARDED_AVAILABILITY = YES_AGGRESSIVE;
				CLANG_WARN_UNREACHABLE_CODE = YES;
				CLANG_WARN__DUPLICATE_METHOD_MATCH = YES;
				CODE_SIGN_IDENTITY = "iPhone Developer";
				COPY_PHASE_STRIP = NO;
				DEBUG_INFORMATION_FORMAT = "dwarf-with-dsym";
				ENABLE_NS_ASSERTIONS = NO;
				ENABLE_STRICT_OBJC_MSGSEND = YES;
				GCC_C_LANGUAGE_STANDARD = gnu11;
				GCC_NO_COMMON_BLOCKS = YES;
				GCC_WARN_64_TO_32_BIT_CONVERSION = YES;
				GCC_WARN_ABOUT_RETURN_TYPE = YES_ERROR;
				GCC_WARN_UNDECLARED_SELECTOR = YES;
				GCC_WARN_UNINITIALIZED_AUTOS = YES_AGGRESSIVE;
				GCC_WARN_UNUSED_FUNCTION = YES;
				GCC_WARN_UNUSED_VARIABLE = YES;
				IPHONEOS_DEPLOYMENT_TARGET = 11.3;
				MTL_ENABLE_DEBUG_INFO = NO;
				SDKROOT = iphoneos;
				SWIFT_COMPILATION_MODE = wholemodule;
				SWIFT_OPTIMIZATION_LEVEL = "-O";
				VALIDATE_PRODUCT = YES;
			};
			name = Release;
		};
		C52826AC207E361B00AE001E /* Debug */ = {
			isa = XCBuildConfiguration;
			buildSettings = {
				ASSETCATALOG_COMPILER_APPICON_NAME = AppIcon;
				CODE_SIGN_STYLE = Automatic;
				DEVELOPMENT_TEAM = UQLP4JG3G2;
				INFOPLIST_FILE = GettingStarted/Info.plist;
				LD_RUNPATH_SEARCH_PATHS = (
					"$(inherited)",
					"@executable_path/Frameworks",
				);
				PRODUCT_BUNDLE_IDENTIFIER = com.NordinBouchrit.GettingStarted;
				PRODUCT_NAME = "$(TARGET_NAME)";
				SWIFT_VERSION = 4.0;
				TARGETED_DEVICE_FAMILY = "1,2";
			};
			name = Debug;
		};
		C52826AD207E361B00AE001E /* Release */ = {
			isa = XCBuildConfiguration;
			buildSettings = {
				ASSETCATALOG_COMPILER_APPICON_NAME = AppIcon;
				CODE_SIGN_STYLE = Automatic;
				DEVELOPMENT_TEAM = UQLP4JG3G2;
				INFOPLIST_FILE = GettingStarted/Info.plist;
				LD_RUNPATH_SEARCH_PATHS = (
					"$(inherited)",
					"@executable_path/Frameworks",
				);
				PRODUCT_BUNDLE_IDENTIFIER = com.NordinBouchrit.GettingStarted;
				PRODUCT_NAME = "$(TARGET_NAME)";
				SWIFT_VERSION = 4.0;
				TARGETED_DEVICE_FAMILY = "1,2";
			};
			name = Release;
		};
		C52826AF207E361B00AE001E /* Debug */ = {
			isa = XCBuildConfiguration;
			buildSettings = {
				ALWAYS_EMBED_SWIFT_STANDARD_LIBRARIES = YES;
				BUNDLE_LOADER = "$(TEST_HOST)";
				CODE_SIGN_STYLE = Automatic;
				DEVELOPMENT_TEAM = UQLP4JG3G2;
				INFOPLIST_FILE = GettingStartedTests/Info.plist;
				LD_RUNPATH_SEARCH_PATHS = (
					"$(inherited)",
					"@executable_path/Frameworks",
					"@loader_path/Frameworks",
				);
				PRODUCT_BUNDLE_IDENTIFIER = com.NordinBouchrit.GettingStartedTests;
				PRODUCT_NAME = "$(TARGET_NAME)";
				SWIFT_VERSION = 4.0;
				TARGETED_DEVICE_FAMILY = "1,2";
				TEST_HOST = "$(BUILT_PRODUCTS_DIR)/GettingStarted.app/GettingStarted";
			};
			name = Debug;
		};
		C52826B0207E361B00AE001E /* Release */ = {
			isa = XCBuildConfiguration;
			buildSettings = {
				ALWAYS_EMBED_SWIFT_STANDARD_LIBRARIES = YES;
				BUNDLE_LOADER = "$(TEST_HOST)";
				CODE_SIGN_STYLE = Automatic;
				DEVELOPMENT_TEAM = UQLP4JG3G2;
				INFOPLIST_FILE = GettingStartedTests/Info.plist;
				LD_RUNPATH_SEARCH_PATHS = (
					"$(inherited)",
					"@executable_path/Frameworks",
					"@loader_path/Frameworks",
				);
				PRODUCT_BUNDLE_IDENTIFIER = com.NordinBouchrit.GettingStartedTests;
				PRODUCT_NAME = "$(TARGET_NAME)";
				SWIFT_VERSION = 4.0;
				TARGETED_DEVICE_FAMILY = "1,2";
				TEST_HOST = "$(BUILT_PRODUCTS_DIR)/GettingStarted.app/GettingStarted";
			};
			name = Release;
		};
		C52826B2207E361B00AE001E /* Debug */ = {
			isa = XCBuildConfiguration;
			buildSettings = {
				ALWAYS_EMBED_SWIFT_STANDARD_LIBRARIES = YES;
				CODE_SIGN_STYLE = Automatic;
				DEVELOPMENT_TEAM = UQLP4JG3G2;
				INFOPLIST_FILE = GettingStartedUITests/Info.plist;
				LD_RUNPATH_SEARCH_PATHS = (
					"$(inherited)",
					"@executable_path/Frameworks",
					"@loader_path/Frameworks",
				);
				PRODUCT_BUNDLE_IDENTIFIER = com.NordinBouchrit.GettingStartedUITests;
				PRODUCT_NAME = "$(TARGET_NAME)";
				SWIFT_VERSION = 4.0;
				TARGETED_DEVICE_FAMILY = "1,2";
				TEST_TARGET_NAME = GettingStarted;
			};
			name = Debug;
		};
		C52826B3207E361B00AE001E /* Release */ = {
			isa = XCBuildConfiguration;
			buildSettings = {
				ALWAYS_EMBED_SWIFT_STANDARD_LIBRARIES = YES;
				CODE_SIGN_STYLE = Automatic;
				DEVELOPMENT_TEAM = UQLP4JG3G2;
				INFOPLIST_FILE = GettingStartedUITests/Info.plist;
				LD_RUNPATH_SEARCH_PATHS = (
					"$(inherited)",
					"@executable_path/Frameworks",
					"@loader_path/Frameworks",
				);
				PRODUCT_BUNDLE_IDENTIFIER = com.NordinBouchrit.GettingStartedUITests;
				PRODUCT_NAME = "$(TARGET_NAME)";
				SWIFT_VERSION = 4.0;
				TARGETED_DEVICE_FAMILY = "1,2";
				TEST_TARGET_NAME = GettingStarted;
			};
			name = Release;
		};
/* End XCBuildConfiguration section */

/* Begin XCConfigurationList section */
		C528267E207E361900AE001E /* Build configuration list for PBXProject "GettingStarted" */ = {
			isa = XCConfigurationList;
			buildConfigurations = (
				C52826A9207E361B00AE001E /* Debug */,
				C52826AA207E361B00AE001E /* Release */,
			);
			defaultConfigurationIsVisible = 0;
			defaultConfigurationName = Release;
		};
		C52826AB207E361B00AE001E /* Build configuration list for PBXNativeTarget "GettingStarted" */ = {
			isa = XCConfigurationList;
			buildConfigurations = (
				C52826AC207E361B00AE001E /* Debug */,
				C52826AD207E361B00AE001E /* Release */,
			);
			defaultConfigurationIsVisible = 0;
			defaultConfigurationName = Release;
		};
		C52826AE207E361B00AE001E /* Build configuration list for PBXNativeTarget "GettingStartedTests" */ = {
			isa = XCConfigurationList;
			buildConfigurations = (
				C52826AF207E361B00AE001E /* Debug */,
				C52826B0207E361B00AE001E /* Release */,
			);
			defaultConfigurationIsVisible = 0;
			defaultConfigurationName = Release;
		};
		C52826B1207E361B00AE001E /* Build configuration list for PBXNativeTarget "GettingStartedUITests" */ = {
			isa = XCConfigurationList;
			buildConfigurations = (
				C52826B2207E361B00AE001E /* Debug */,
				C52826B3207E361B00AE001E /* Release */,
			);
			defaultConfigurationIsVisible = 0;
			defaultConfigurationName = Release;
		};
/* End XCConfigurationList section */
	};
	rootObject = C528267B207E361900AE001E /* Project object */;
}
